
Microsoft Visual Studio Solution File, Format Version 12.00
# Visual Studio Version 17
VisualStudioVersion = 17.2.32616.157
MinimumVisualStudioVersion = 10.0.40219.1
Project("{FAE04EC0-301F-11D3-BF4B-00C04F79EFBC}") = "DataBaseTest", "DataBaseTest.csproj", "{0BD0DAA7-BE8A-4021-8564-7029B6771A27}"
EndProject
Global
	GlobalSection(SolutionConfigurationPlatforms) = preSolution
		Debug|Any CPU = Debug|Any CPU
		Release|Any CPU = Release|Any CPU
	EndGlobalSection
	GlobalSection(ProjectConfigurationPlatforms) = postSolution
		{0BD0DAA7-BE8A-4021-8564-7029B6771A27}.Debug|Any CPU.ActiveCfg = Debug|Any CPU
		{0BD0DAA7-BE8A-4021-8564-7029B6771A27}.Debug|Any CPU.Build.0 = Debug|Any CPU
		{0BD0DAA7-BE8A-4021-8564-7029B6771A27}.Release|Any CPU.ActiveCfg = Release|Any CPU
		{0BD0DAA7-BE8A-4021-8564-7029B6771A27}.Release|Any CPU.Build.0 = Release|Any CPU
	EndGlobalSection
	GlobalSection(SolutionProperties) = preSolution
		HideSolutionNode = FALSE
	EndGlobalSection
	GlobalSection(ExtensibilityGlobals) = postSolution
		SolutionGuid = {21B13824-A61E-4A21-84CE-4EC2FF587F57}
	EndGlobalSection
EndGlobal
