
Microsoft Visual Studio Solution File, Format Version 12.00
# Visual Studio Version 17
VisualStudioVersion = 17.2.32616.157
MinimumVisualStudioVersion = 10.0.40219.1
Project("{9A19103F-16F7-4668-BE54-9A1E7A4F7556}") = "TestWebApplication", "TestWebApplication.csproj", "{E51E4569-C6DD-468E-A5CA-390589A9D776}"
EndProject
Project("{9A19103F-16F7-4668-BE54-9A1E7A4F7556}") = "DataBaseTest", "..\DataBaseTest\DataBaseTest.csproj", "{F8B597EE-46AC-42FA-84AF-A63175ED1E8B}"
EndProject
Global
	GlobalSection(SolutionConfigurationPlatforms) = preSolution
		Debug|Any CPU = Debug|Any CPU
		Release|Any CPU = Release|Any CPU
	EndGlobalSection
	GlobalSection(ProjectConfigurationPlatforms) = postSolution
		{E51E4569-C6DD-468E-A5CA-390589A9D776}.Debug|Any CPU.ActiveCfg = Debug|Any CPU
		{E51E4569-C6DD-468E-A5CA-390589A9D776}.Debug|Any CPU.Build.0 = Debug|Any CPU
		{E51E4569-C6DD-468E-A5CA-390589A9D776}.Release|Any CPU.ActiveCfg = Release|Any CPU
		{E51E4569-C6DD-468E-A5CA-390589A9D776}.Release|Any CPU.Build.0 = Release|Any CPU
		{F8B597EE-46AC-42FA-84AF-A63175ED1E8B}.Debug|Any CPU.ActiveCfg = Debug|Any CPU
		{F8B597EE-46AC-42FA-84AF-A63175ED1E8B}.Debug|Any CPU.Build.0 = Debug|Any CPU
		{F8B597EE-46AC-42FA-84AF-A63175ED1E8B}.Release|Any CPU.ActiveCfg = Release|Any CPU
		{F8B597EE-46AC-42FA-84AF-A63175ED1E8B}.Release|Any CPU.Build.0 = Release|Any CPU
	EndGlobalSection
	GlobalSection(SolutionProperties) = preSolution
		HideSolutionNode = FALSE
	EndGlobalSection
	GlobalSection(ExtensibilityGlobals) = postSolution
		SolutionGuid = {EC62A8CA-9C9E-4C7E-8F05-CE0C0F724A5E}
	EndGlobalSection
EndGlobal
